// !$*UTF8*$!
{
	archiveVersion = 1;
	classes = {
	};
	objectVersion = 50;
	objects = {

/* Begin PBXBuildFile section */
		CEF8518822DA4C7300EDB7CD /* AppDelegate.swift in Sources */ = {isa = PBXBuildFile; fileRef = CEF8518722DA4C7300EDB7CD /* AppDelegate.swift */; };
		CEF8518A22DA4C7300EDB7CD /* ViewController.swift in Sources */ = {isa = PBXBuildFile; fileRef = CEF8518922DA4C7300EDB7CD /* ViewController.swift */; };
		CEF8518D22DA4C7300EDB7CD /* Main.storyboard in Resources */ = {isa = PBXBuildFile; fileRef = CEF8518B22DA4C7300EDB7CD /* Main.storyboard */; };
		CEF8518F22DA4C7300EDB7CD /* Assets.xcassets in Resources */ = {isa = PBXBuildFile; fileRef = CEF8518E22DA4C7300EDB7CD /* Assets.xcassets */; };
		CEF8519222DA4C7300EDB7CD /* LaunchScreen.storyboard in Resources */ = {isa = PBXBuildFile; fileRef = CEF8519022DA4C7300EDB7CD /* LaunchScreen.storyboard */; };
		CEF851C722DA93E700EDB7CD /* Interface.storyboard in Resources */ = {isa = PBXBuildFile; fileRef = CEF851C522DA93E700EDB7CD /* Interface.storyboard */; };
		CEF851C922DA93E800EDB7CD /* Assets.xcassets in Resources */ = {isa = PBXBuildFile; fileRef = CEF851C822DA93E800EDB7CD /* Assets.xcassets */; };
		CEF851D022DA93E800EDB7CD /* MemorizeThis Extension.appex in Embed App Extensions */ = {isa = PBXBuildFile; fileRef = CEF851CF22DA93E800EDB7CD /* MemorizeThis Extension.appex */; settings = {ATTRIBUTES = (RemoveHeadersOnCopy, ); }; };
		CEF851D522DA93E800EDB7CD /* InterfaceController.swift in Sources */ = {isa = PBXBuildFile; fileRef = CEF851D422DA93E800EDB7CD /* InterfaceController.swift */; };
		CEF851D722DA93E800EDB7CD /* ExtensionDelegate.swift in Sources */ = {isa = PBXBuildFile; fileRef = CEF851D622DA93E800EDB7CD /* ExtensionDelegate.swift */; };
		CEF851D922DA93E800EDB7CD /* NotificationController.swift in Sources */ = {isa = PBXBuildFile; fileRef = CEF851D822DA93E800EDB7CD /* NotificationController.swift */; };
		CEF851DB22DA93E800EDB7CD /* Assets.xcassets in Resources */ = {isa = PBXBuildFile; fileRef = CEF851DA22DA93E800EDB7CD /* Assets.xcassets */; };
		CEF851E022DA93E800EDB7CD /* MemorizeThis.app in Embed Watch Content */ = {isa = PBXBuildFile; fileRef = CEF851C322DA93E700EDB7CD /* MemorizeThis.app */; };
		CEF851E922DAC56C00EDB7CD /* StartInterfaceController.swift in Sources */ = {isa = PBXBuildFile; fileRef = CEF851E822DAC56C00EDB7CD /* StartInterfaceController.swift */; };
/* End PBXBuildFile section */

/* Begin PBXContainerItemProxy section */
		CEF851D122DA93E800EDB7CD /* PBXContainerItemProxy */ = {
			isa = PBXContainerItemProxy;
			containerPortal = CEF8517C22DA4C7300EDB7CD /* Project object */;
			proxyType = 1;
			remoteGlobalIDString = CEF851CE22DA93E800EDB7CD;
			remoteInfo = "MemorizeThis Extension";
		};
		CEF851DE22DA93E800EDB7CD /* PBXContainerItemProxy */ = {
			isa = PBXContainerItemProxy;
			containerPortal = CEF8517C22DA4C7300EDB7CD /* Project object */;
			proxyType = 1;
			remoteGlobalIDString = CEF851C222DA93E700EDB7CD;
			remoteInfo = MemorizeThis;
		};
/* End PBXContainerItemProxy section */

/* Begin PBXCopyFilesBuildPhase section */
		CEF851BD22DA4C7500EDB7CD /* Embed Watch Content */ = {
			isa = PBXCopyFilesBuildPhase;
			buildActionMask = 2147483647;
			dstPath = "$(CONTENTS_FOLDER_PATH)/Watch";
			dstSubfolderSpec = 16;
			files = (
				CEF851E022DA93E800EDB7CD /* MemorizeThis.app in Embed Watch Content */,
			);
			name = "Embed Watch Content";
			runOnlyForDeploymentPostprocessing = 0;
		};
		CEF851E422DA93E800EDB7CD /* Embed App Extensions */ = {
			isa = PBXCopyFilesBuildPhase;
			buildActionMask = 2147483647;
			dstPath = "";
			dstSubfolderSpec = 13;
			files = (
				CEF851D022DA93E800EDB7CD /* MemorizeThis Extension.appex in Embed App Extensions */,
			);
			name = "Embed App Extensions";
			runOnlyForDeploymentPostprocessing = 0;
		};
/* End PBXCopyFilesBuildPhase section */

/* Begin PBXFileReference section */
		CEF8518422DA4C7300EDB7CD /* WearableTest.app */ = {isa = PBXFileReference; explicitFileType = wrapper.application; includeInIndex = 0; path = WearableTest.app; sourceTree = BUILT_PRODUCTS_DIR; };
		CEF8518722DA4C7300EDB7CD /* AppDelegate.swift */ = {isa = PBXFileReference; lastKnownFileType = sourcecode.swift; path = AppDelegate.swift; sourceTree = "<group>"; };
		CEF8518922DA4C7300EDB7CD /* ViewController.swift */ = {isa = PBXFileReference; lastKnownFileType = sourcecode.swift; path = ViewController.swift; sourceTree = "<group>"; };
		CEF8518C22DA4C7300EDB7CD /* Base */ = {isa = PBXFileReference; lastKnownFileType = file.storyboard; name = Base; path = Base.lproj/Main.storyboard; sourceTree = "<group>"; };
		CEF8518E22DA4C7300EDB7CD /* Assets.xcassets */ = {isa = PBXFileReference; lastKnownFileType = folder.assetcatalog; path = Assets.xcassets; sourceTree = "<group>"; };
		CEF8519122DA4C7300EDB7CD /* Base */ = {isa = PBXFileReference; lastKnownFileType = file.storyboard; name = Base; path = Base.lproj/LaunchScreen.storyboard; sourceTree = "<group>"; };
		CEF8519322DA4C7300EDB7CD /* Info.plist */ = {isa = PBXFileReference; lastKnownFileType = text.plist.xml; path = Info.plist; sourceTree = "<group>"; };
		CEF851C322DA93E700EDB7CD /* MemorizeThis.app */ = {isa = PBXFileReference; explicitFileType = wrapper.application; includeInIndex = 0; path = MemorizeThis.app; sourceTree = BUILT_PRODUCTS_DIR; };
		CEF851C622DA93E700EDB7CD /* Base */ = {isa = PBXFileReference; lastKnownFileType = file.storyboard; name = Base; path = Base.lproj/Interface.storyboard; sourceTree = "<group>"; };
		CEF851C822DA93E800EDB7CD /* Assets.xcassets */ = {isa = PBXFileReference; lastKnownFileType = folder.assetcatalog; path = Assets.xcassets; sourceTree = "<group>"; };
		CEF851CA22DA93E800EDB7CD /* Info.plist */ = {isa = PBXFileReference; lastKnownFileType = text.plist.xml; path = Info.plist; sourceTree = "<group>"; };
		CEF851CF22DA93E800EDB7CD /* MemorizeThis Extension.appex */ = {isa = PBXFileReference; explicitFileType = "wrapper.app-extension"; includeInIndex = 0; path = "MemorizeThis Extension.appex"; sourceTree = BUILT_PRODUCTS_DIR; };
		CEF851D422DA93E800EDB7CD /* InterfaceController.swift */ = {isa = PBXFileReference; lastKnownFileType = sourcecode.swift; path = InterfaceController.swift; sourceTree = "<group>"; };
		CEF851D622DA93E800EDB7CD /* ExtensionDelegate.swift */ = {isa = PBXFileReference; lastKnownFileType = sourcecode.swift; path = ExtensionDelegate.swift; sourceTree = "<group>"; };
		CEF851D822DA93E800EDB7CD /* NotificationController.swift */ = {isa = PBXFileReference; lastKnownFileType = sourcecode.swift; path = NotificationController.swift; sourceTree = "<group>"; };
		CEF851DA22DA93E800EDB7CD /* Assets.xcassets */ = {isa = PBXFileReference; lastKnownFileType = folder.assetcatalog; path = Assets.xcassets; sourceTree = "<group>"; };
		CEF851DC22DA93E800EDB7CD /* Info.plist */ = {isa = PBXFileReference; lastKnownFileType = text.plist.xml; path = Info.plist; sourceTree = "<group>"; };
		CEF851DD22DA93E800EDB7CD /* PushNotificationPayload.apns */ = {isa = PBXFileReference; lastKnownFileType = text; path = PushNotificationPayload.apns; sourceTree = "<group>"; };
		CEF851E822DAC56C00EDB7CD /* StartInterfaceController.swift */ = {isa = PBXFileReference; lastKnownFileType = sourcecode.swift; path = StartInterfaceController.swift; sourceTree = "<group>"; };
/* End PBXFileReference section */

/* Begin PBXFrameworksBuildPhase section */
		CEF8518122DA4C7300EDB7CD /* Frameworks */ = {
			isa = PBXFrameworksBuildPhase;
			buildActionMask = 2147483647;
			files = (
			);
			runOnlyForDeploymentPostprocessing = 0;
		};
		CEF851CC22DA93E800EDB7CD /* Frameworks */ = {
			isa = PBXFrameworksBuildPhase;
			buildActionMask = 2147483647;
			files = (
			);
			runOnlyForDeploymentPostprocessing = 0;
		};
/* End PBXFrameworksBuildPhase section */

/* Begin PBXGroup section */
		CEF8517B22DA4C7300EDB7CD = {
			isa = PBXGroup;
			children = (
				CEF8518622DA4C7300EDB7CD /* WearableTest */,
				CEF851C422DA93E700EDB7CD /* MemorizeThis */,
				CEF851D322DA93E800EDB7CD /* MemorizeThis Extension */,
				CEF8518522DA4C7300EDB7CD /* Products */,
			);
			sourceTree = "<group>";
		};
		CEF8518522DA4C7300EDB7CD /* Products */ = {
			isa = PBXGroup;
			children = (
				CEF8518422DA4C7300EDB7CD /* WearableTest.app */,
				CEF851C322DA93E700EDB7CD /* MemorizeThis.app */,
				CEF851CF22DA93E800EDB7CD /* MemorizeThis Extension.appex */,
			);
			name = Products;
			sourceTree = "<group>";
		};
		CEF8518622DA4C7300EDB7CD /* WearableTest */ = {
			isa = PBXGroup;
			children = (
				CEF8518722DA4C7300EDB7CD /* AppDelegate.swift */,
				CEF8518922DA4C7300EDB7CD /* ViewController.swift */,
				CEF8518B22DA4C7300EDB7CD /* Main.storyboard */,
				CEF8518E22DA4C7300EDB7CD /* Assets.xcassets */,
				CEF8519022DA4C7300EDB7CD /* LaunchScreen.storyboard */,
				CEF8519322DA4C7300EDB7CD /* Info.plist */,
			);
			path = WearableTest;
			sourceTree = "<group>";
		};
		CEF851C422DA93E700EDB7CD /* MemorizeThis */ = {
			isa = PBXGroup;
			children = (
				CEF851C522DA93E700EDB7CD /* Interface.storyboard */,
				CEF851C822DA93E800EDB7CD /* Assets.xcassets */,
				CEF851CA22DA93E800EDB7CD /* Info.plist */,
			);
			path = MemorizeThis;
			sourceTree = "<group>";
		};
		CEF851D322DA93E800EDB7CD /* MemorizeThis Extension */ = {
			isa = PBXGroup;
			children = (
				CEF851D422DA93E800EDB7CD /* InterfaceController.swift */,
				CEF851E822DAC56C00EDB7CD /* StartInterfaceController.swift */,
				CEF851D622DA93E800EDB7CD /* ExtensionDelegate.swift */,
				CEF851D822DA93E800EDB7CD /* NotificationController.swift */,
				CEF851DA22DA93E800EDB7CD /* Assets.xcassets */,
				CEF851DC22DA93E800EDB7CD /* Info.plist */,
				CEF851DD22DA93E800EDB7CD /* PushNotificationPayload.apns */,
			);
			path = "MemorizeThis Extension";
			sourceTree = "<group>";
		};
/* End PBXGroup section */

/* Begin PBXNativeTarget section */
		CEF8518322DA4C7300EDB7CD /* WearableTest */ = {
			isa = PBXNativeTarget;
			buildConfigurationList = CEF851BE22DA4C7500EDB7CD /* Build configuration list for PBXNativeTarget "WearableTest" */;
			buildPhases = (
				CEF8518022DA4C7300EDB7CD /* Sources */,
				CEF8518122DA4C7300EDB7CD /* Frameworks */,
				CEF8518222DA4C7300EDB7CD /* Resources */,
				CEF851BD22DA4C7500EDB7CD /* Embed Watch Content */,
			);
			buildRules = (
			);
			dependencies = (
				CEF851DF22DA93E800EDB7CD /* PBXTargetDependency */,
			);
			name = WearableTest;
			productName = WearableTest;
			productReference = CEF8518422DA4C7300EDB7CD /* WearableTest.app */;
			productType = "com.apple.product-type.application";
		};
		CEF851C222DA93E700EDB7CD /* MemorizeThis */ = {
			isa = PBXNativeTarget;
			buildConfigurationList = CEF851E522DA93E800EDB7CD /* Build configuration list for PBXNativeTarget "MemorizeThis" */;
			buildPhases = (
				CEF851C122DA93E700EDB7CD /* Resources */,
				CEF851E422DA93E800EDB7CD /* Embed App Extensions */,
			);
			buildRules = (
			);
			dependencies = (
				CEF851D222DA93E800EDB7CD /* PBXTargetDependency */,
			);
			name = MemorizeThis;
			productName = MemorizeThis;
			productReference = CEF851C322DA93E700EDB7CD /* MemorizeThis.app */;
			productType = "com.apple.product-type.application.watchapp2";
		};
		CEF851CE22DA93E800EDB7CD /* MemorizeThis Extension */ = {
			isa = PBXNativeTarget;
			buildConfigurationList = CEF851E122DA93E800EDB7CD /* Build configuration list for PBXNativeTarget "MemorizeThis Extension" */;
			buildPhases = (
				CEF851CB22DA93E800EDB7CD /* Sources */,
				CEF851CC22DA93E800EDB7CD /* Frameworks */,
				CEF851CD22DA93E800EDB7CD /* Resources */,
			);
			buildRules = (
			);
			dependencies = (
			);
			name = "MemorizeThis Extension";
			productName = "MemorizeThis Extension";
			productReference = CEF851CF22DA93E800EDB7CD /* MemorizeThis Extension.appex */;
			productType = "com.apple.product-type.watchkit2-extension";
		};
/* End PBXNativeTarget section */

/* Begin PBXProject section */
		CEF8517C22DA4C7300EDB7CD /* Project object */ = {
			isa = PBXProject;
			attributes = {
				LastSwiftUpdateCheck = 1020;
				LastUpgradeCheck = 1020;
				ORGANIZATIONNAME = "Mitali Ahir";
				TargetAttributes = {
					CEF8518322DA4C7300EDB7CD = {
						CreatedOnToolsVersion = 10.2.1;
					};
					CEF851C222DA93E700EDB7CD = {
						CreatedOnToolsVersion = 10.2.1;
					};
					CEF851CE22DA93E800EDB7CD = {
						CreatedOnToolsVersion = 10.2.1;
					};
				};
			};
			buildConfigurationList = CEF8517F22DA4C7300EDB7CD /* Build configuration list for PBXProject "WearableTest" */;
			compatibilityVersion = "Xcode 9.3";
			developmentRegion = en;
			hasScannedForEncodings = 0;
			knownRegions = (
				en,
				Base,
			);
			mainGroup = CEF8517B22DA4C7300EDB7CD;
			productRefGroup = CEF8518522DA4C7300EDB7CD /* Products */;
			projectDirPath = "";
			projectRoot = "";
			targets = (
				CEF8518322DA4C7300EDB7CD /* WearableTest */,
				CEF851C222DA93E700EDB7CD /* MemorizeThis */,
				CEF851CE22DA93E800EDB7CD /* MemorizeThis Extension */,
			);
		};
/* End PBXProject section */

/* Begin PBXResourcesBuildPhase section */
		CEF8518222DA4C7300EDB7CD /* Resources */ = {
			isa = PBXResourcesBuildPhase;
			buildActionMask = 2147483647;
			files = (
				CEF8519222DA4C7300EDB7CD /* LaunchScreen.storyboard in Resources */,
				CEF8518F22DA4C7300EDB7CD /* Assets.xcassets in Resources */,
				CEF8518D22DA4C7300EDB7CD /* Main.storyboard in Resources */,
			);
			runOnlyForDeploymentPostprocessing = 0;
		};
		CEF851C122DA93E700EDB7CD /* Resources */ = {
			isa = PBXResourcesBuildPhase;
			buildActionMask = 2147483647;
			files = (
				CEF851C922DA93E800EDB7CD /* Assets.xcassets in Resources */,
				CEF851C722DA93E700EDB7CD /* Interface.storyboard in Resources */,
			);
			runOnlyForDeploymentPostprocessing = 0;
		};
		CEF851CD22DA93E800EDB7CD /* Resources */ = {
			isa = PBXResourcesBuildPhase;
			buildActionMask = 2147483647;
			files = (
				CEF851DB22DA93E800EDB7CD /* Assets.xcassets in Resources */,
			);
			runOnlyForDeploymentPostprocessing = 0;
		};
/* End PBXResourcesBuildPhase section */

/* Begin PBXSourcesBuildPhase section */
		CEF8518022DA4C7300EDB7CD /* Sources */ = {
			isa = PBXSourcesBuildPhase;
			buildActionMask = 2147483647;
			files = (
				CEF8518A22DA4C7300EDB7CD /* ViewController.swift in Sources */,
				CEF8518822DA4C7300EDB7CD /* AppDelegate.swift in Sources */,
			);
			runOnlyForDeploymentPostprocessing = 0;
		};
		CEF851CB22DA93E800EDB7CD /* Sources */ = {
			isa = PBXSourcesBuildPhase;
			buildActionMask = 2147483647;
			files = (
				CEF851E922DAC56C00EDB7CD /* StartInterfaceController.swift in Sources */,
				CEF851D922DA93E800EDB7CD /* NotificationController.swift in Sources */,
				CEF851D722DA93E800EDB7CD /* ExtensionDelegate.swift in Sources */,
				CEF851D522DA93E800EDB7CD /* InterfaceController.swift in Sources */,
			);
			runOnlyForDeploymentPostprocessing = 0;
		};
/* End PBXSourcesBuildPhase section */

/* Begin PBXTargetDependency section */
		CEF851D222DA93E800EDB7CD /* PBXTargetDependency */ = {
			isa = PBXTargetDependency;
			target = CEF851CE22DA93E800EDB7CD /* MemorizeThis Extension */;
			targetProxy = CEF851D122DA93E800EDB7CD /* PBXContainerItemProxy */;
		};
		CEF851DF22DA93E800EDB7CD /* PBXTargetDependency */ = {
			isa = PBXTargetDependency;
			target = CEF851C222DA93E700EDB7CD /* MemorizeThis */;
			targetProxy = CEF851DE22DA93E800EDB7CD /* PBXContainerItemProxy */;
		};
/* End PBXTargetDependency section */

/* Begin PBXVariantGroup section */
		CEF8518B22DA4C7300EDB7CD /* Main.storyboard */ = {
			isa = PBXVariantGroup;
			children = (
				CEF8518C22DA4C7300EDB7CD /* Base */,
			);
			name = Main.storyboard;
			sourceTree = "<group>";
		};
		CEF8519022DA4C7300EDB7CD /* LaunchScreen.storyboard */ = {
			isa = PBXVariantGroup;
			children = (
				CEF8519122DA4C7300EDB7CD /* Base */,
			);
			name = LaunchScreen.storyboard;
			sourceTree = "<group>";
		};
		CEF851C522DA93E700EDB7CD /* Interface.storyboard */ = {
			isa = PBXVariantGroup;
			children = (
				CEF851C622DA93E700EDB7CD /* Base */,
			);
			name = Interface.storyboard;
			sourceTree = "<group>";
		};
/* End PBXVariantGroup section */

/* Begin XCBuildConfiguration section */
		CEF851B422DA4C7500EDB7CD /* Debug */ = {
			isa = XCBuildConfiguration;
			buildSettings = {
				ALWAYS_SEARCH_USER_PATHS = NO;
				CLANG_ANALYZER_NONNULL = YES;
				CLANG_ANALYZER_NUMBER_OBJECT_CONVERSION = YES_AGGRESSIVE;
				CLANG_CXX_LANGUAGE_STANDARD = "gnu++14";
				CLANG_CXX_LIBRARY = "libc++";
				CLANG_ENABLE_MODULES = YES;
				CLANG_ENABLE_OBJC_ARC = YES;
				CLANG_ENABLE_OBJC_WEAK = YES;
				CLANG_WARN_BLOCK_CAPTURE_AUTORELEASING = YES;
				CLANG_WARN_BOOL_CONVERSION = YES;
				CLANG_WARN_COMMA = YES;
				CLANG_WARN_CONSTANT_CONVERSION = YES;
				CLANG_WARN_DEPRECATED_OBJC_IMPLEMENTATIONS = YES;
				CLANG_WARN_DIRECT_OBJC_ISA_USAGE = YES_ERROR;
				CLANG_WARN_DOCUMENTATION_COMMENTS = YES;
				CLANG_WARN_EMPTY_BODY = YES;
				CLANG_WARN_ENUM_CONVERSION = YES;
				CLANG_WARN_INFINITE_RECURSION = YES;
				CLANG_WARN_INT_CONVERSION = YES;
				CLANG_WARN_NON_LITERAL_NULL_CONVERSION = YES;
				CLANG_WARN_OBJC_IMPLICIT_RETAIN_SELF = YES;
				CLANG_WARN_OBJC_LITERAL_CONVERSION = YES;
				CLANG_WARN_OBJC_ROOT_CLASS = YES_ERROR;
				CLANG_WARN_RANGE_LOOP_ANALYSIS = YES;
				CLANG_WARN_STRICT_PROTOTYPES = YES;
				CLANG_WARN_SUSPICIOUS_MOVE = YES;
				CLANG_WARN_UNGUARDED_AVAILABILITY = YES_AGGRESSIVE;
				CLANG_WARN_UNREACHABLE_CODE = YES;
				CLANG_WARN__DUPLICATE_METHOD_MATCH = YES;
				CODE_SIGN_IDENTITY = "iPhone Developer";
				COPY_PHASE_STRIP = NO;
				DEBUG_INFORMATION_FORMAT = dwarf;
				ENABLE_STRICT_OBJC_MSGSEND = YES;
				ENABLE_TESTABILITY = YES;
				GCC_C_LANGUAGE_STANDARD = gnu11;
				GCC_DYNAMIC_NO_PIC = NO;
				GCC_NO_COMMON_BLOCKS = YES;
				GCC_OPTIMIZATION_LEVEL = 0;
				GCC_PREPROCESSOR_DEFINITIONS = (
					"DEBUG=1",
					"$(inherited)",
				);
				GCC_WARN_64_TO_32_BIT_CONVERSION = YES;
				GCC_WARN_ABOUT_RETURN_TYPE = YES_ERROR;
				GCC_WARN_UNDECLARED_SELECTOR = YES;
				GCC_WARN_UNINITIALIZED_AUTOS = YES_AGGRESSIVE;
				GCC_WARN_UNUSED_FUNCTION = YES;
				GCC_WARN_UNUSED_VARIABLE = YES;
				IPHONEOS_DEPLOYMENT_TARGET = 12.2;
				MTL_ENABLE_DEBUG_INFO = INCLUDE_SOURCE;
				MTL_FAST_MATH = YES;
				ONLY_ACTIVE_ARCH = YES;
				SDKROOT = iphoneos;
				SWIFT_ACTIVE_COMPILATION_CONDITIONS = DEBUG;
				SWIFT_OPTIMIZATION_LEVEL = "-Onone";
			};
			name = Debug;
		};
		CEF851B522DA4C7500EDB7CD /* Release */ = {
			isa = XCBuildConfiguration;
			buildSettings = {
				ALWAYS_SEARCH_USER_PATHS = NO;
				CLANG_ANALYZER_NONNULL = YES;
				CLANG_ANALYZER_NUMBER_OBJECT_CONVERSION = YES_AGGRESSIVE;
				CLANG_CXX_LANGUAGE_STANDARD = "gnu++14";
				CLANG_CXX_LIBRARY = "libc++";
				CLANG_ENABLE_MODULES = YES;
				CLANG_ENABLE_OBJC_ARC = YES;
				CLANG_ENABLE_OBJC_WEAK = YES;
				CLANG_WARN_BLOCK_CAPTURE_AUTORELEASING = YES;
				CLANG_WARN_BOOL_CONVERSION = YES;
				CLANG_WARN_COMMA = YES;
				CLANG_WARN_CONSTANT_CONVERSION = YES;
				CLANG_WARN_DEPRECATED_OBJC_IMPLEMENTATIONS = YES;
				CLANG_WARN_DIRECT_OBJC_ISA_USAGE = YES_ERROR;
				CLANG_WARN_DOCUMENTATION_COMMENTS = YES;
				CLANG_WARN_EMPTY_BODY = YES;
				CLANG_WARN_ENUM_CONVERSION = YES;
				CLANG_WARN_INFINITE_RECURSION = YES;
				CLANG_WARN_INT_CONVERSION = YES;
				CLANG_WARN_NON_LITERAL_NULL_CONVERSION = YES;
				CLANG_WARN_OBJC_IMPLICIT_RETAIN_SELF = YES;
				CLANG_WARN_OBJC_LITERAL_CONVERSION = YES;
				CLANG_WARN_OBJC_ROOT_CLASS = YES_ERROR;
				CLANG_WARN_RANGE_LOOP_ANALYSIS = YES;
				CLANG_WARN_STRICT_PROTOTYPES = YES;
				CLANG_WARN_SUSPICIOUS_MOVE = YES;
				CLANG_WARN_UNGUARDED_AVAILABILITY = YES_AGGRESSIVE;
				CLANG_WARN_UNREACHABLE_CODE = YES;
				CLANG_WARN__DUPLICATE_METHOD_MATCH = YES;
				CODE_SIGN_IDENTITY = "iPhone Developer";
				COPY_PHASE_STRIP = NO;
				DEBUG_INFORMATION_FORMAT = "dwarf-with-dsym";
				ENABLE_NS_ASSERTIONS = NO;
				ENABLE_STRICT_OBJC_MSGSEND = YES;
				GCC_C_LANGUAGE_STANDARD = gnu11;
				GCC_NO_COMMON_BLOCKS = YES;
				GCC_WARN_64_TO_32_BIT_CONVERSION = YES;
				GCC_WARN_ABOUT_RETURN_TYPE = YES_ERROR;
				GCC_WARN_UNDECLARED_SELECTOR = YES;
				GCC_WARN_UNINITIALIZED_AUTOS = YES_AGGRESSIVE;
				GCC_WARN_UNUSED_FUNCTION = YES;
				GCC_WARN_UNUSED_VARIABLE = YES;
				IPHONEOS_DEPLOYMENT_TARGET = 12.2;
				MTL_ENABLE_DEBUG_INFO = NO;
				MTL_FAST_MATH = YES;
				SDKROOT = iphoneos;
				SWIFT_COMPILATION_MODE = wholemodule;
				SWIFT_OPTIMIZATION_LEVEL = "-O";
				VALIDATE_PRODUCT = YES;
			};
			name = Release;
		};
		CEF851BF22DA4C7500EDB7CD /* Debug */ = {
			isa = XCBuildConfiguration;
			buildSettings = {
				ASSETCATALOG_COMPILER_APPICON_NAME = AppIcon;
				CODE_SIGN_STYLE = Automatic;
				INFOPLIST_FILE = WearableTest/Info.plist;
				LD_RUNPATH_SEARCH_PATHS = (
					"$(inherited)",
					"@executable_path/Frameworks",
				);
				PRODUCT_BUNDLE_IDENTIFIER = com.mitali.WearableTest;
				PRODUCT_NAME = "$(TARGET_NAME)";
				SWIFT_VERSION = 5.0;
				TARGETED_DEVICE_FAMILY = "1,2";
			};
			name = Debug;
		};
		CEF851C022DA4C7500EDB7CD /* Release */ = {
			isa = XCBuildConfiguration;
			buildSettings = {
				ASSETCATALOG_COMPILER_APPICON_NAME = AppIcon;
				CODE_SIGN_STYLE = Automatic;
				INFOPLIST_FILE = WearableTest/Info.plist;
				LD_RUNPATH_SEARCH_PATHS = (
					"$(inherited)",
					"@executable_path/Frameworks",
				);
				PRODUCT_BUNDLE_IDENTIFIER = com.mitali.WearableTest;
				PRODUCT_NAME = "$(TARGET_NAME)";
				SWIFT_VERSION = 5.0;
				TARGETED_DEVICE_FAMILY = "1,2";
			};
			name = Release;
		};
		CEF851E222DA93E800EDB7CD /* Debug */ = {
			isa = XCBuildConfiguration;
			buildSettings = {
				ASSETCATALOG_COMPILER_COMPLICATION_NAME = Complication;
				CODE_SIGN_STYLE = Automatic;
				INFOPLIST_FILE = "MemorizeThis Extension/Info.plist";
				LD_RUNPATH_SEARCH_PATHS = (
					"$(inherited)",
					"@executable_path/Frameworks",
					"@executable_path/../../Frameworks",
				);
				PRODUCT_BUNDLE_IDENTIFIER = com.mitali.WearableTest.watchkitapp.watchkitextension;
				PRODUCT_NAME = "${TARGET_NAME}";
				SDKROOT = watchos;
				SKIP_INSTALL = YES;
				SWIFT_VERSION = 5.0;
				TARGETED_DEVICE_FAMILY = 4;
				WATCHOS_DEPLOYMENT_TARGET = 5.2;
			};
			name = Debug;
		};
		CEF851E322DA93E800EDB7CD /* Release */ = {
			isa = XCBuildConfiguration;
			buildSettings = {
				ASSETCATALOG_COMPILER_COMPLICATION_NAME = Complication;
				CODE_SIGN_STYLE = Automatic;
				INFOPLIST_FILE = "MemorizeThis Extension/Info.plist";
				LD_RUNPATH_SEARCH_PATHS = (
					"$(inherited)",
					"@executable_path/Frameworks",
					"@executable_path/../../Frameworks",
				);
				PRODUCT_BUNDLE_IDENTIFIER = com.mitali.WearableTest.watchkitapp.watchkitextension;
				PRODUCT_NAME = "${TARGET_NAME}";
				SDKROOT = watchos;
				SKIP_INSTALL = YES;
				SWIFT_VERSION = 5.0;
				TARGETED_DEVICE_FAMILY = 4;
				WATCHOS_DEPLOYMENT_TARGET = 5.2;
			};
			name = Release;
		};
		CEF851E622DA93E800EDB7CD /* Debug */ = {
			isa = XCBuildConfiguration;
			buildSettings = {
				ALWAYS_EMBED_SWIFT_STANDARD_LIBRARIES = YES;
				ASSETCATALOG_COMPILER_APPICON_NAME = AppIcon;
				CODE_SIGN_STYLE = Automatic;
				IBSC_MODULE = MemorizeThis_Extension;
				INFOPLIST_FILE = MemorizeThis/Info.plist;
				PRODUCT_BUNDLE_IDENTIFIER = com.mitali.WearableTest.watchkitapp;
				PRODUCT_NAME = "$(TARGET_NAME)";
				SDKROOT = watchos;
				SKIP_INSTALL = YES;
				SWIFT_VERSION = 5.0;
				TARGETED_DEVICE_FAMILY = 4;
				WATCHOS_DEPLOYMENT_TARGET = 5.2;
			};
			name = Debug;
		};
		CEF851E722DA93E800EDB7CD /* Release */ = {
			isa = XCBuildConfiguration;
			buildSettings = {
				ALWAYS_EMBED_SWIFT_STANDARD_LIBRARIES = YES;
				ASSETCATALOG_COMPILER_APPICON_NAME = AppIcon;
				CODE_SIGN_STYLE = Automatic;
				IBSC_MODULE = MemorizeThis_Extension;
				INFOPLIST_FILE = MemorizeThis/Info.plist;
				PRODUCT_BUNDLE_IDENTIFIER = com.mitali.WearableTest.watchkitapp;
				PRODUCT_NAME = "$(TARGET_NAME)";
				SDKROOT = watchos;
				SKIP_INSTALL = YES;
				SWIFT_VERSION = 5.0;
				TARGETED_DEVICE_FAMILY = 4;
				WATCHOS_DEPLOYMENT_TARGET = 5.2;
			};
			name = Release;
		};
/* End XCBuildConfiguration section */

/* Begin XCConfigurationList section */
		CEF8517F22DA4C7300EDB7CD /* Build configuration list for PBXProject "WearableTest" */ = {
			isa = XCConfigurationList;
			buildConfigurations = (
				CEF851B422DA4C7500EDB7CD /* Debug */,
				CEF851B522DA4C7500EDB7CD /* Release */,
			);
			defaultConfigurationIsVisible = 0;
			defaultConfigurationName = Release;
		};
		CEF851BE22DA4C7500EDB7CD /* Build configuration list for PBXNativeTarget "WearableTest" */ = {
			isa = XCConfigurationList;
			buildConfigurations = (
				CEF851BF22DA4C7500EDB7CD /* Debug */,
				CEF851C022DA4C7500EDB7CD /* Release */,
			);
			defaultConfigurationIsVisible = 0;
			defaultConfigurationName = Release;
		};
		CEF851E122DA93E800EDB7CD /* Build configuration list for PBXNativeTarget "MemorizeThis Extension" */ = {
			isa = XCConfigurationList;
			buildConfigurations = (
				CEF851E222DA93E800EDB7CD /* Debug */,
				CEF851E322DA93E800EDB7CD /* Release */,
			);
			defaultConfigurationIsVisible = 0;
			defaultConfigurationName = Release;
		};
		CEF851E522DA93E800EDB7CD /* Build configuration list for PBXNativeTarget "MemorizeThis" */ = {
			isa = XCConfigurationList;
			buildConfigurations = (
				CEF851E622DA93E800EDB7CD /* Debug */,
				CEF851E722DA93E800EDB7CD /* Release */,
			);
			defaultConfigurationIsVisible = 0;
			defaultConfigurationName = Release;
		};
/* End XCConfigurationList section */
	};
	rootObject = CEF8517C22DA4C7300EDB7CD /* Project object */;
}
